// !$*UTF8*$!
{
	archiveVersion = 1;
	classes = {
	};
	objectVersion = 46;
	objects = {

/* Begin PBXBuildFile section */
		C2A5F0111BA15EFB008C6AA1 /* main.m in Sources */ = {isa = PBXBuildFile; fileRef = C2A5F0101BA15EFB008C6AA1 /* main.m */; };
		C2A5F0141BA15EFB008C6AA1 /* AppDelegate.m in Sources */ = {isa = PBXBuildFile; fileRef = C2A5F0131BA15EFB008C6AA1 /* AppDelegate.m */; };
		C2A5F0171BA15EFB008C6AA1 /* ViewController.m in Sources */ = {isa = PBXBuildFile; fileRef = C2A5F0161BA15EFB008C6AA1 /* ViewController.m */; };
		C2A5F01A1BA15EFB008C6AA1 /* Main.storyboard in Resources */ = {isa = PBXBuildFile; fileRef = C2A5F0181BA15EFB008C6AA1 /* Main.storyboard */; };
		C2A5F01C1BA15EFB008C6AA1 /* Assets.xcassets in Resources */ = {isa = PBXBuildFile; fileRef = C2A5F01B1BA15EFB008C6AA1 /* Assets.xcassets */; };
		C2A5F01F1BA15EFB008C6AA1 /* LaunchScreen.storyboard in Resources */ = {isa = PBXBuildFile; fileRef = C2A5F01D1BA15EFB008C6AA1 /* LaunchScreen.storyboard */; };
		C2A5F02A1BA15EFC008C6AA1 /* AdStirInterstitialAdSampleTests.m in Sources */ = {isa = PBXBuildFile; fileRef = C2A5F0291BA15EFC008C6AA1 /* AdStirInterstitialAdSampleTests.m */; };
		C2A5F0351BA15EFC008C6AA1 /* AdStirInterstitialAdSampleUITests.m in Sources */ = {isa = PBXBuildFile; fileRef = C2A5F0341BA15EFC008C6AA1 /* AdStirInterstitialAdSampleUITests.m */; };
/* End PBXBuildFile section */

/* Begin PBXContainerItemProxy section */
		C2A5F0261BA15EFC008C6AA1 /* PBXContainerItemProxy */ = {
			isa = PBXContainerItemProxy;
			containerPortal = C2A5F0041BA15EFB008C6AA1 /* Project object */;
			proxyType = 1;
			remoteGlobalIDString = C2A5F00B1BA15EFB008C6AA1;
			remoteInfo = AdStirInterstitialAdSample;
		};
		C2A5F0311BA15EFC008C6AA1 /* PBXContainerItemProxy */ = {
			isa = PBXContainerItemProxy;
			containerPortal = C2A5F0041BA15EFB008C6AA1 /* Project object */;
			proxyType = 1;
			remoteGlobalIDString = C2A5F00B1BA15EFB008C6AA1;
			remoteInfo = AdStirInterstitialAdSample;
		};
/* End PBXContainerItemProxy section */

/* Begin PBXFileReference section */
		C2A5F00C1BA15EFB008C6AA1 /* AdStirInterstitialAdSample.app */ = {isa = PBXFileReference; explicitFileType = wrapper.application; includeInIndex = 0; path = AdStirInterstitialAdSample.app; sourceTree = BUILT_PRODUCTS_DIR; };
		C2A5F0101BA15EFB008C6AA1 /* main.m */ = {isa = PBXFileReference; lastKnownFileType = sourcecode.c.objc; path = main.m; sourceTree = "<group>"; };
		C2A5F0121BA15EFB008C6AA1 /* AppDelegate.h */ = {isa = PBXFileReference; lastKnownFileType = sourcecode.c.h; path = AppDelegate.h; sourceTree = "<group>"; };
		C2A5F0131BA15EFB008C6AA1 /* AppDelegate.m */ = {isa = PBXFileReference; lastKnownFileType = sourcecode.c.objc; path = AppDelegate.m; sourceTree = "<group>"; };
		C2A5F0151BA15EFB008C6AA1 /* ViewController.h */ = {isa = PBXFileReference; lastKnownFileType = sourcecode.c.h; path = ViewController.h; sourceTree = "<group>"; };
		C2A5F0161BA15EFB008C6AA1 /* ViewController.m */ = {isa = PBXFileReference; lastKnownFileType = sourcecode.c.objc; path = ViewController.m; sourceTree = "<group>"; };
		C2A5F0191BA15EFB008C6AA1 /* Base */ = {isa = PBXFileReference; lastKnownFileType = file.storyboard; name = Base; path = Base.lproj/Main.storyboard; sourceTree = "<group>"; };
		C2A5F01B1BA15EFB008C6AA1 /* Assets.xcassets */ = {isa = PBXFileReference; lastKnownFileType = folder.assetcatalog; path = Assets.xcassets; sourceTree = "<group>"; };
		C2A5F01E1BA15EFB008C6AA1 /* Base */ = {isa = PBXFileReference; lastKnownFileType = file.storyboard; name = Base; path = Base.lproj/LaunchScreen.storyboard; sourceTree = "<group>"; };
		C2A5F0201BA15EFB008C6AA1 /* Info.plist */ = {isa = PBXFileReference; lastKnownFileType = text.plist.xml; path = Info.plist; sourceTree = "<group>"; };
		C2A5F0251BA15EFC008C6AA1 /* AdStirInterstitialAdSampleTests.xctest */ = {isa = PBXFileReference; explicitFileType = wrapper.cfbundle; includeInIndex = 0; path = AdStirInterstitialAdSampleTests.xctest; sourceTree = BUILT_PRODUCTS_DIR; };
		C2A5F0291BA15EFC008C6AA1 /* AdStirInterstitialAdSampleTests.m */ = {isa = PBXFileReference; lastKnownFileType = sourcecode.c.objc; path = AdStirInterstitialAdSampleTests.m; sourceTree = "<group>"; };
		C2A5F02B1BA15EFC008C6AA1 /* Info.plist */ = {isa = PBXFileReference; lastKnownFileType = text.plist.xml; path = Info.plist; sourceTree = "<group>"; };
		C2A5F0301BA15EFC008C6AA1 /* AdStirInterstitialAdSampleUITests.xctest */ = {isa = PBXFileReference; explicitFileType = wrapper.cfbundle; includeInIndex = 0; path = AdStirInterstitialAdSampleUITests.xctest; sourceTree = BUILT_PRODUCTS_DIR; };
		C2A5F0341BA15EFC008C6AA1 /* AdStirInterstitialAdSampleUITests.m */ = {isa = PBXFileReference; lastKnownFileType = sourcecode.c.objc; path = AdStirInterstitialAdSampleUITests.m; sourceTree = "<group>"; };
		C2A5F0361BA15EFC008C6AA1 /* Info.plist */ = {isa = PBXFileReference; lastKnownFileType = text.plist.xml; path = Info.plist; sourceTree = "<group>"; };
/* End PBXFileReference section */

/* Begin PBXFrameworksBuildPhase section */
		C2A5F0091BA15EFB008C6AA1 /* Frameworks */ = {
			isa = PBXFrameworksBuildPhase;
			buildActionMask = 2147483647;
			files = (
			);
			runOnlyForDeploymentPostprocessing = 0;
		};
		C2A5F0221BA15EFC008C6AA1 /* Frameworks */ = {
			isa = PBXFrameworksBuildPhase;
			buildActionMask = 2147483647;
			files = (
			);
			runOnlyForDeploymentPostprocessing = 0;
		};
		C2A5F02D1BA15EFC008C6AA1 /* Frameworks */ = {
			isa = PBXFrameworksBuildPhase;
			buildActionMask = 2147483647;
			files = (
			);
			runOnlyForDeploymentPostprocessing = 0;
		};
/* End PBXFrameworksBuildPhase section */

/* Begin PBXGroup section */
		C2A5F0031BA15EFB008C6AA1 = {
			isa = PBXGroup;
			children = (
				C2A5F00E1BA15EFB008C6AA1 /* AdStirInterstitialAdSample */,
				C2A5F0281BA15EFC008C6AA1 /* AdStirInterstitialAdSampleTests */,
				C2A5F0331BA15EFC008C6AA1 /* AdStirInterstitialAdSampleUITests */,
				C2A5F00D1BA15EFB008C6AA1 /* Products */,
			);
			sourceTree = "<group>";
		};
		C2A5F00D1BA15EFB008C6AA1 /* Products */ = {
			isa = PBXGroup;
			children = (
				C2A5F00C1BA15EFB008C6AA1 /* AdStirInterstitialAdSample.app */,
				C2A5F0251BA15EFC008C6AA1 /* AdStirInterstitialAdSampleTests.xctest */,
				C2A5F0301BA15EFC008C6AA1 /* AdStirInterstitialAdSampleUITests.xctest */,
			);
			name = Products;
			sourceTree = "<group>";
		};
		C2A5F00E1BA15EFB008C6AA1 /* AdStirInterstitialAdSample */ = {
			isa = PBXGroup;
			children = (
				C2A5F0121BA15EFB008C6AA1 /* AppDelegate.h */,
				C2A5F0131BA15EFB008C6AA1 /* AppDelegate.m */,
				C2A5F0151BA15EFB008C6AA1 /* ViewController.h */,
				C2A5F0161BA15EFB008C6AA1 /* ViewController.m */,
				C2A5F0181BA15EFB008C6AA1 /* Main.storyboard */,
				C2A5F01B1BA15EFB008C6AA1 /* Assets.xcassets */,
				C2A5F01D1BA15EFB008C6AA1 /* LaunchScreen.storyboard */,
				C2A5F0201BA15EFB008C6AA1 /* Info.plist */,
				C2A5F00F1BA15EFB008C6AA1 /* Supporting Files */,
			);
			path = AdStirInterstitialAdSample;
			sourceTree = "<group>";
		};
		C2A5F00F1BA15EFB008C6AA1 /* Supporting Files */ = {
			isa = PBXGroup;
			children = (
				C2A5F0101BA15EFB008C6AA1 /* main.m */,
			);
			name = "Supporting Files";
			sourceTree = "<group>";
		};
		C2A5F0281BA15EFC008C6AA1 /* AdStirInterstitialAdSampleTests */ = {
			isa = PBXGroup;
			children = (
				C2A5F0291BA15EFC008C6AA1 /* AdStirInterstitialAdSampleTests.m */,
				C2A5F02B1BA15EFC008C6AA1 /* Info.plist */,
			);
			path = AdStirInterstitialAdSampleTests;
			sourceTree = "<group>";
		};
		C2A5F0331BA15EFC008C6AA1 /* AdStirInterstitialAdSampleUITests */ = {
			isa = PBXGroup;
			children = (
				C2A5F0341BA15EFC008C6AA1 /* AdStirInterstitialAdSampleUITests.m */,
				C2A5F0361BA15EFC008C6AA1 /* Info.plist */,
			);
			path = AdStirInterstitialAdSampleUITests;
			sourceTree = "<group>";
		};
/* End PBXGroup section */

/* Begin PBXNativeTarget section */
		C2A5F00B1BA15EFB008C6AA1 /* AdStirInterstitialAdSample */ = {
			isa = PBXNativeTarget;
			buildConfigurationList = C2A5F0391BA15EFC008C6AA1 /* Build configuration list for PBXNativeTarget "AdStirInterstitialAdSample" */;
			buildPhases = (
				C2A5F0081BA15EFB008C6AA1 /* Sources */,
				C2A5F0091BA15EFB008C6AA1 /* Frameworks */,
				C2A5F00A1BA15EFB008C6AA1 /* Resources */,
			);
			buildRules = (
			);
			dependencies = (
			);
			name = AdStirInterstitialAdSample;
			productName = AdStirInterstitialAdSample;
			productReference = C2A5F00C1BA15EFB008C6AA1 /* AdStirInterstitialAdSample.app */;
			productType = "com.apple.product-type.application";
		};
		C2A5F0241BA15EFC008C6AA1 /* AdStirInterstitialAdSampleTests */ = {
			isa = PBXNativeTarget;
			buildConfigurationList = C2A5F03C1BA15EFC008C6AA1 /* Build configuration list for PBXNativeTarget "AdStirInterstitialAdSampleTests" */;
			buildPhases = (
				C2A5F0211BA15EFC008C6AA1 /* Sources */,
				C2A5F0221BA15EFC008C6AA1 /* Frameworks */,
				C2A5F0231BA15EFC008C6AA1 /* Resources */,
			);
			buildRules = (
			);
			dependencies = (
				C2A5F0271BA15EFC008C6AA1 /* PBXTargetDependency */,
			);
			name = AdStirInterstitialAdSampleTests;
			productName = AdStirInterstitialAdSampleTests;
			productReference = C2A5F0251BA15EFC008C6AA1 /* AdStirInterstitialAdSampleTests.xctest */;
			productType = "com.apple.product-type.bundle.unit-test";
		};
		C2A5F02F1BA15EFC008C6AA1 /* AdStirInterstitialAdSampleUITests */ = {
			isa = PBXNativeTarget;
			buildConfigurationList = C2A5F03F1BA15EFC008C6AA1 /* Build configuration list for PBXNativeTarget "AdStirInterstitialAdSampleUITests" */;
			buildPhases = (
				C2A5F02C1BA15EFC008C6AA1 /* Sources */,
				C2A5F02D1BA15EFC008C6AA1 /* Frameworks */,
				C2A5F02E1BA15EFC008C6AA1 /* Resources */,
			);
			buildRules = (
			);
			dependencies = (
				C2A5F0321BA15EFC008C6AA1 /* PBXTargetDependency */,
			);
			name = AdStirInterstitialAdSampleUITests;
			productName = AdStirInterstitialAdSampleUITests;
			productReference = C2A5F0301BA15EFC008C6AA1 /* AdStirInterstitialAdSampleUITests.xctest */;
			productType = "com.apple.product-type.bundle.ui-testing";
		};
/* End PBXNativeTarget section */

/* Begin PBXProject section */
		C2A5F0041BA15EFB008C6AA1 /* Project object */ = {
			isa = PBXProject;
			attributes = {
				LastUpgradeCheck = 0700;
				ORGANIZATIONNAME = Dolice;
				TargetAttributes = {
					C2A5F00B1BA15EFB008C6AA1 = {
						CreatedOnToolsVersion = 7.0;
					};
					C2A5F0241BA15EFC008C6AA1 = {
						CreatedOnToolsVersion = 7.0;
						TestTargetID = C2A5F00B1BA15EFB008C6AA1;
					};
					C2A5F02F1BA15EFC008C6AA1 = {
						CreatedOnToolsVersion = 7.0;
						TestTargetID = C2A5F00B1BA15EFB008C6AA1;
					};
				};
			};
			buildConfigurationList = C2A5F0071BA15EFB008C6AA1 /* Build configuration list for PBXProject "AdStirInterstitialAdSample" */;
			compatibilityVersion = "Xcode 3.2";
			developmentRegion = English;
			hasScannedForEncodings = 0;
			knownRegions = (
				en,
				Base,
			);
			mainGroup = C2A5F0031BA15EFB008C6AA1;
			productRefGroup = C2A5F00D1BA15EFB008C6AA1 /* Products */;
			projectDirPath = "";
			projectRoot = "";
			targets = (
				C2A5F00B1BA15EFB008C6AA1 /* AdStirInterstitialAdSample */,
				C2A5F0241BA15EFC008C6AA1 /* AdStirInterstitialAdSampleTests */,
				C2A5F02F1BA15EFC008C6AA1 /* AdStirInterstitialAdSampleUITests */,
			);
		};
/* End PBXProject section */

/* Begin PBXResourcesBuildPhase section */
		C2A5F00A1BA15EFB008C6AA1 /* Resources */ = {
			isa = PBXResourcesBuildPhase;
			buildActionMask = 2147483647;
			files = (
				C2A5F01F1BA15EFB008C6AA1 /* LaunchScreen.storyboard in Resources */,
				C2A5F01C1BA15EFB008C6AA1 /* Assets.xcassets in Resources */,
				C2A5F01A1BA15EFB008C6AA1 /* Main.storyboard in Resources */,
			);
			runOnlyForDeploymentPostprocessing = 0;
		};
		C2A5F0231BA15EFC008C6AA1 /* Resources */ = {
			isa = PBXResourcesBuildPhase;
			buildActionMask = 2147483647;
			files = (
			);
			runOnlyForDeploymentPostprocessing = 0;
		};
		C2A5F02E1BA15EFC008C6AA1 /* Resources */ = {
			isa = PBXResourcesBuildPhase;
			buildActionMask = 2147483647;
			files = (
			);
			runOnlyForDeploymentPostprocessing = 0;
		};
/* End PBXResourcesBuildPhase section */

/* Begin PBXSourcesBuildPhase section */
		C2A5F0081BA15EFB008C6AA1 /* Sources */ = {
			isa = PBXSourcesBuildPhase;
			buildActionMask = 2147483647;
			files = (
				C2A5F0171BA15EFB008C6AA1 /* ViewController.m in Sources */,
				C2A5F0141BA15EFB008C6AA1 /* AppDelegate.m in Sources */,
				C2A5F0111BA15EFB008C6AA1 /* main.m in Sources */,
			);
			runOnlyForDeploymentPostprocessing = 0;
		};
		C2A5F0211BA15EFC008C6AA1 /* Sources */ = {
			isa = PBXSourcesBuildPhase;
			buildActionMask = 2147483647;
			files = (
				C2A5F02A1BA15EFC008C6AA1 /* AdStirInterstitialAdSampleTests.m in Sources */,
			);
			runOnlyForDeploymentPostprocessing = 0;
		};
		C2A5F02C1BA15EFC008C6AA1 /* Sources */ = {
			isa = PBXSourcesBuildPhase;
			buildActionMask = 2147483647;
			files = (
				C2A5F0351BA15EFC008C6AA1 /* AdStirInterstitialAdSampleUITests.m in Sources */,
			);
			runOnlyForDeploymentPostprocessing = 0;
		};
/* End PBXSourcesBuildPhase section */

/* Begin PBXTargetDependency section */
		C2A5F0271BA15EFC008C6AA1 /* PBXTargetDependency */ = {
			isa = PBXTargetDependency;
			target = C2A5F00B1BA15EFB008C6AA1 /* AdStirInterstitialAdSample */;
			targetProxy = C2A5F0261BA15EFC008C6AA1 /* PBXContainerItemProxy */;
		};
		C2A5F0321BA15EFC008C6AA1 /* PBXTargetDependency */ = {
			isa = PBXTargetDependency;
			target = C2A5F00B1BA15EFB008C6AA1 /* AdStirInterstitialAdSample */;
			targetProxy = C2A5F0311BA15EFC008C6AA1 /* PBXContainerItemProxy */;
		};
/* End PBXTargetDependency section */

/* Begin PBXVariantGroup section */
		C2A5F0181BA15EFB008C6AA1 /* Main.storyboard */ = {
			isa = PBXVariantGroup;
			children = (
				C2A5F0191BA15EFB008C6AA1 /* Base */,
			);
			name = Main.storyboard;
			sourceTree = "<group>";
		};
		C2A5F01D1BA15EFB008C6AA1 /* LaunchScreen.storyboard */ = {
			isa = PBXVariantGroup;
			children = (
				C2A5F01E1BA15EFB008C6AA1 /* Base */,
			);
			name = LaunchScreen.storyboard;
			sourceTree = "<group>";
		};
/* End PBXVariantGroup section */

/* Begin XCBuildConfiguration section */
		C2A5F0371BA15EFC008C6AA1 /* Debug */ = {
			isa = XCBuildConfiguration;
			buildSettings = {
				ALWAYS_SEARCH_USER_PATHS = NO;
				CLANG_CXX_LANGUAGE_STANDARD = "gnu++0x";
				CLANG_CXX_LIBRARY = "libc++";
				CLANG_ENABLE_MODULES = YES;
				CLANG_ENABLE_OBJC_ARC = YES;
				CLANG_WARN_BOOL_CONVERSION = YES;
				CLANG_WARN_CONSTANT_CONVERSION = YES;
				CLANG_WARN_DIRECT_OBJC_ISA_USAGE = YES_ERROR;
				CLANG_WARN_EMPTY_BODY = YES;
				CLANG_WARN_ENUM_CONVERSION = YES;
				CLANG_WARN_INT_CONVERSION = YES;
				CLANG_WARN_OBJC_ROOT_CLASS = YES_ERROR;
				CLANG_WARN_UNREACHABLE_CODE = YES;
				CLANG_WARN__DUPLICATE_METHOD_MATCH = YES;
				"CODE_SIGN_IDENTITY[sdk=iphoneos*]" = "iPhone Developer";
				COPY_PHASE_STRIP = NO;
				DEBUG_INFORMATION_FORMAT = dwarf;
				ENABLE_STRICT_OBJC_MSGSEND = YES;
				ENABLE_TESTABILITY = YES;
				GCC_C_LANGUAGE_STANDARD = gnu99;
				GCC_DYNAMIC_NO_PIC = NO;
				GCC_NO_COMMON_BLOCKS = YES;
				GCC_OPTIMIZATION_LEVEL = 0;
				GCC_PREPROCESSOR_DEFINITIONS = (
					"DEBUG=1",
					"$(inherited)",
				);
				GCC_WARN_64_TO_32_BIT_CONVERSION = YES;
				GCC_WARN_ABOUT_RETURN_TYPE = YES_ERROR;
				GCC_WARN_UNDECLARED_SELECTOR = YES;
				GCC_WARN_UNINITIALIZED_AUTOS = YES_AGGRESSIVE;
				GCC_WARN_UNUSED_FUNCTION = YES;
				GCC_WARN_UNUSED_VARIABLE = YES;
				IPHONEOS_DEPLOYMENT_TARGET = 9.0;
				MTL_ENABLE_DEBUG_INFO = YES;
				ONLY_ACTIVE_ARCH = YES;
				SDKROOT = iphoneos;
			};
			name = Debug;
		};
		C2A5F0381BA15EFC008C6AA1 /* Release */ = {
			isa = XCBuildConfiguration;
			buildSettings = {
				ALWAYS_SEARCH_USER_PATHS = NO;
				CLANG_CXX_LANGUAGE_STANDARD = "gnu++0x";
				CLANG_CXX_LIBRARY = "libc++";
				CLANG_ENABLE_MODULES = YES;
				CLANG_ENABLE_OBJC_ARC = YES;
				CLANG_WARN_BOOL_CONVERSION = YES;
				CLANG_WARN_CONSTANT_CONVERSION = YES;
				CLANG_WARN_DIRECT_OBJC_ISA_USAGE = YES_ERROR;
				CLANG_WARN_EMPTY_BODY = YES;
				CLANG_WARN_ENUM_CONVERSION = YES;
				CLANG_WARN_INT_CONVERSION = YES;
				CLANG_WARN_OBJC_ROOT_CLASS = YES_ERROR;
				CLANG_WARN_UNREACHABLE_CODE = YES;
				CLANG_WARN__DUPLICATE_METHOD_MATCH = YES;
				"CODE_SIGN_IDENTITY[sdk=iphoneos*]" = "iPhone Developer";
				COPY_PHASE_STRIP = NO;
				DEBUG_INFORMATION_FORMAT = "dwarf-with-dsym";
				ENABLE_NS_ASSERTIONS = NO;
				ENABLE_STRICT_OBJC_MSGSEND = YES;
				GCC_C_LANGUAGE_STANDARD = gnu99;
				GCC_NO_COMMON_BLOCKS = YES;
				GCC_WARN_64_TO_32_BIT_CONVERSION = YES;
				GCC_WARN_ABOUT_RETURN_TYPE = YES_ERROR;
				GCC_WARN_UNDECLARED_SELECTOR = YES;
				GCC_WARN_UNINITIALIZED_AUTOS = YES_AGGRESSIVE;
				GCC_WARN_UNUSED_FUNCTION = YES;
				GCC_WARN_UNUSED_VARIABLE = YES;
				IPHONEOS_DEPLOYMENT_TARGET = 9.0;
				MTL_ENABLE_DEBUG_INFO = NO;
				SDKROOT = iphoneos;
				VALIDATE_PRODUCT = YES;
			};
			name = Release;
		};
		C2A5F03A1BA15EFC008C6AA1 /* Debug */ = {
			isa = XCBuildConfiguration;
			buildSettings = {
				ASSETCATALOG_COMPILER_APPICON_NAME = AppIcon;
				FRAMEWORK_SEARCH_PATHS = (
					"$(inherited)",
					"$(PROJECT_DIR)/AdStirInterstitialAdSample/AdStir",
				);
				INFOPLIST_FILE = AdStirInterstitialAdSample/Info.plist;
				LD_RUNPATH_SEARCH_PATHS = "$(inherited) @executable_path/Frameworks";
				LIBRARY_SEARCH_PATHS = (
					"$(inherited)",
					"$(PROJECT_DIR)/AdStirInterstitialAdSample/AdStir",
				);
				PRODUCT_BUNDLE_IDENTIFIER = net.dolice.AdStirInterstitialAdSample;
				PRODUCT_NAME = "$(TARGET_NAME)";
			};
			name = Debug;
		};
		C2A5F03B1BA15EFC008C6AA1 /* Release */ = {
			isa = XCBuildConfiguration;
			buildSettings = {
				ASSETCATALOG_COMPILER_APPICON_NAME = AppIcon;
				FRAMEWORK_SEARCH_PATHS = (
					"$(inherited)",
					"$(PROJECT_DIR)/AdStirInterstitialAdSample/AdStir",
				);
				INFOPLIST_FILE = AdStirInterstitialAdSample/Info.plist;
				LD_RUNPATH_SEARCH_PATHS = "$(inherited) @executable_path/Frameworks";
				LIBRARY_SEARCH_PATHS = (
					"$(inherited)",
					"$(PROJECT_DIR)/AdStirInterstitialAdSample/AdStir",
				);
				PRODUCT_BUNDLE_IDENTIFIER = net.dolice.AdStirInterstitialAdSample;
				PRODUCT_NAME = "$(TARGET_NAME)";
			};
			name = Release;
		};
		C2A5F03D1BA15EFC008C6AA1 /* Debug */ = {
			isa = XCBuildConfiguration;
			buildSettings = {
				BUNDLE_LOADER = "$(TEST_HOST)";
				INFOPLIST_FILE = AdStirInterstitialAdSampleTests/Info.plist;
				LD_RUNPATH_SEARCH_PATHS = "$(inherited) @executable_path/Frameworks @loader_path/Frameworks";
				PRODUCT_BUNDLE_IDENTIFIER = net.dolice.AdStirInterstitialAdSampleTests;
				PRODUCT_NAME = "$(TARGET_NAME)";
				TEST_HOST = "$(BUILT_PRODUCTS_DIR)/AdStirInterstitialAdSample.app/AdStirInterstitialAdSample";
			};
			name = Debug;
		};
		C2A5F03E1BA15EFC008C6AA1 /* Release */ = {
			isa = XCBuildConfiguration;
			buildSettings = {
				BUNDLE_LOADER = "$(TEST_HOST)";
				INFOPLIST_FILE = AdStirInterstitialAdSampleTests/Info.plist;
				LD_RUNPATH_SEARCH_PATHS = "$(inherited) @executable_path/Frameworks @loader_path/Frameworks";
				PRODUCT_BUNDLE_IDENTIFIER = net.dolice.AdStirInterstitialAdSampleTests;
				PRODUCT_NAME = "$(TARGET_NAME)";
				TEST_HOST = "$(BUILT_PRODUCTS_DIR)/AdStirInterstitialAdSample.app/AdStirInterstitialAdSample";
			};
			name = Release;
		};
		C2A5F0401BA15EFC008C6AA1 /* Debug */ = {
			isa = XCBuildConfiguration;
			buildSettings = {
				INFOPLIST_FILE = AdStirInterstitialAdSampleUITests/Info.plist;
				LD_RUNPATH_SEARCH_PATHS = "$(inherited) @executable_path/Frameworks @loader_path/Frameworks";
				PRODUCT_BUNDLE_IDENTIFIER = net.dolice.AdStirInterstitialAdSampleUITests;
				PRODUCT_NAME = "$(TARGET_NAME)";
				TEST_TARGET_NAME = AdStirInterstitialAdSample;
				USES_XCTRUNNER = YES;
			};
			name = Debug;
		};
		C2A5F0411BA15EFC008C6AA1 /* Release */ = {
			isa = XCBuildConfiguration;
			buildSettings = {
				INFOPLIST_FILE = AdStirInterstitialAdSampleUITests/Info.plist;
				LD_RUNPATH_SEARCH_PATHS = "$(inherited) @executable_path/Frameworks @loader_path/Frameworks";
				PRODUCT_BUNDLE_IDENTIFIER = net.dolice.AdStirInterstitialAdSampleUITests;
				PRODUCT_NAME = "$(TARGET_NAME)";
				TEST_TARGET_NAME = AdStirInterstitialAdSample;
				USES_XCTRUNNER = YES;
			};
			name = Release;
		};
/* End XCBuildConfiguration section */

/* Begin XCConfigurationList section */
		C2A5F0071BA15EFB008C6AA1 /* Build configuration list for PBXProject "AdStirInterstitialAdSample" */ = {
			isa = XCConfigurationList;
			buildConfigurations = (
				C2A5F0371BA15EFC008C6AA1 /* Debug */,
				C2A5F0381BA15EFC008C6AA1 /* Release */,
			);
			defaultConfigurationIsVisible = 0;
			defaultConfigurationName = Release;
		};
		C2A5F0391BA15EFC008C6AA1 /* Build configuration list for PBXNativeTarget "AdStirInterstitialAdSample" */ = {
			isa = XCConfigurationList;
			buildConfigurations = (
				C2A5F03A1BA15EFC008C6AA1 /* Debug */,
				C2A5F03B1BA15EFC008C6AA1 /* Release */,
			);
			defaultConfigurationIsVisible = 0;
		};
		C2A5F03C1BA15EFC008C6AA1 /* Build configuration list for PBXNativeTarget "AdStirInterstitialAdSampleTests" */ = {
			isa = XCConfigurationList;
			buildConfigurations = (
				C2A5F03D1BA15EFC008C6AA1 /* Debug */,
				C2A5F03E1BA15EFC008C6AA1 /* Release */,
			);
			defaultConfigurationIsVisible = 0;
		};
		C2A5F03F1BA15EFC008C6AA1 /* Build configuration list for PBXNativeTarget "AdStirInterstitialAdSampleUITests" */ = {
			isa = XCConfigurationList;
			buildConfigurations = (
				C2A5F0401BA15EFC008C6AA1 /* Debug */,
				C2A5F0411BA15EFC008C6AA1 /* Release */,
			);
			defaultConfigurationIsVisible = 0;
		};
/* End XCConfigurationList section */
	};
	rootObject = C2A5F0041BA15EFB008C6AA1 /* Project object */;
}
